
Microsoft Visual Studio Solution File, Format Version 12.00
# Visual Studio 15
VisualStudioVersion = 15.0.28307.421
MinimumVisualStudioVersion = 10.0.40219.1
Project("{FAE04EC0-301F-11D3-BF4B-00C04F79EFBC}") = "MusixMatchSharp", "MusixMatchSharp\MusixMatchSharp.csproj", "{9C1C21A1-D2FA-423E-AEC8-E7028F5F06BB}"
EndProject
Project("{FAE04EC0-301F-11D3-BF4B-00C04F79EFBC}") = "MusixMatchSharp.Example.ConsoleApp", "MusixMatchSharp.Example.Console\MusixMatchSharp.Example.ConsoleApp.csproj", "{57F420B9-F25D-4854-A320-44E6F580B50A}"
EndProject
Global
	GlobalSection(SolutionConfigurationPlatforms) = preSolution
		Debug|Any CPU = Debug|Any CPU
		Release|Any CPU = Release|Any CPU
	EndGlobalSection
	GlobalSection(ProjectConfigurationPlatforms) = postSolution
		{9C1C21A1-D2FA-423E-AEC8-E7028F5F06BB}.Debug|Any CPU.ActiveCfg = Debug|Any CPU
		{9C1C21A1-D2FA-423E-AEC8-E7028F5F06BB}.Debug|Any CPU.Build.0 = Debug|Any CPU
		{9C1C21A1-D2FA-423E-AEC8-E7028F5F06BB}.Release|Any CPU.ActiveCfg = Release|Any CPU
		{9C1C21A1-D2FA-423E-AEC8-E7028F5F06BB}.Release|Any CPU.Build.0 = Release|Any CPU
		{57F420B9-F25D-4854-A320-44E6F580B50A}.Debug|Any CPU.ActiveCfg = Debug|Any CPU
		{57F420B9-F25D-4854-A320-44E6F580B50A}.Debug|Any CPU.Build.0 = Debug|Any CPU
		{57F420B9-F25D-4854-A320-44E6F580B50A}.Release|Any CPU.ActiveCfg = Release|Any CPU
		{57F420B9-F25D-4854-A320-44E6F580B50A}.Release|Any CPU.Build.0 = Release|Any CPU
	EndGlobalSection
	GlobalSection(SolutionProperties) = preSolution
		HideSolutionNode = FALSE
	EndGlobalSection
	GlobalSection(ExtensibilityGlobals) = postSolution
		SolutionGuid = {F404E70D-8F15-4454-B173-8638B1B75DE4}
	EndGlobalSection
EndGlobal
